
Microsoft Visual Studio Solution File, Format Version 12.00
# Visual Studio Version 17
VisualStudioVersion = 17.0.31612.314
MinimumVisualStudioVersion = 10.0.40219.1
Project("{FAE04EC0-301F-11D3-BF4B-00C04F79EFBC}") = "HowManyTimes.Android", "HowManyTimes\HowManyTimes.Android\HowManyTimes.Android.csproj", "{AE953D0D-4AF3-44F5-9884-FB59B44D5ED8}"
EndProject
Project("{FAE04EC0-301F-11D3-BF4B-00C04F79EFBC}") = "HowManyTimes.iOS", "HowManyTimes\HowManyTimes.iOS\HowManyTimes.iOS.csproj", "{509026DE-1D62-45D7-B8FD-5D6270026B45}"
EndProject
Project("{9A19103F-16F7-4668-BE54-9A1E7A4F7556}") = "HowManyTimes", "HowManyTimes\HowManyTimes\HowManyTimes.csproj", "{26042FB2-A39D-4077-BA1B-377156829E1F}"
EndProject
Project("{2150E333-8FDC-42A3-9474-1A3956D46DE8}") = "Solution Items", "Solution Items", "{C80D7B01-B72C-4A07-993A-40D1A1532AAD}"
	ProjectSection(SolutionItems) = preProject
		.editorconfig = .editorconfig
	EndProjectSection
EndProject
Global
	GlobalSection(SolutionConfigurationPlatforms) = preSolution
		Debug|Any CPU = Debug|Any CPU
		Debug|iPhone = Debug|iPhone
		Debug|iPhoneSimulator = Debug|iPhoneSimulator
		Release|Any CPU = Release|Any CPU
		Release|iPhone = Release|iPhone
		Release|iPhoneSimulator = Release|iPhoneSimulator
	EndGlobalSection
	GlobalSection(ProjectConfigurationPlatforms) = postSolution
		{AE953D0D-4AF3-44F5-9884-FB59B44D5ED8}.Debug|Any CPU.ActiveCfg = Debug|Any CPU
		{AE953D0D-4AF3-44F5-9884-FB59B44D5ED8}.Debug|Any CPU.Build.0 = Debug|Any CPU
		{AE953D0D-4AF3-44F5-9884-FB59B44D5ED8}.Debug|Any CPU.Deploy.0 = Debug|Any CPU
		{AE953D0D-4AF3-44F5-9884-FB59B44D5ED8}.Debug|iPhone.ActiveCfg = Debug|Any CPU
		{AE953D0D-4AF3-44F5-9884-FB59B44D5ED8}.Debug|iPhone.Build.0 = Debug|Any CPU
		{AE953D0D-4AF3-44F5-9884-FB59B44D5ED8}.Debug|iPhone.Deploy.0 = Debug|Any CPU
		{AE953D0D-4AF3-44F5-9884-FB59B44D5ED8}.Debug|iPhoneSimulator.ActiveCfg = Debug|Any CPU
		{AE953D0D-4AF3-44F5-9884-FB59B44D5ED8}.Debug|iPhoneSimulator.Build.0 = Debug|Any CPU
		{AE953D0D-4AF3-44F5-9884-FB59B44D5ED8}.Debug|iPhoneSimulator.Deploy.0 = Debug|Any CPU
		{AE953D0D-4AF3-44F5-9884-FB59B44D5ED8}.Release|Any CPU.ActiveCfg = Release|Any CPU
		{AE953D0D-4AF3-44F5-9884-FB59B44D5ED8}.Release|Any CPU.Build.0 = Release|Any CPU
		{AE953D0D-4AF3-44F5-9884-FB59B44D5ED8}.Release|Any CPU.Deploy.0 = Release|Any CPU
		{AE953D0D-4AF3-44F5-9884-FB59B44D5ED8}.Release|iPhone.ActiveCfg = Release|Any CPU
		{AE953D0D-4AF3-44F5-9884-FB59B44D5ED8}.Release|iPhone.Build.0 = Release|Any CPU
		{AE953D0D-4AF3-44F5-9884-FB59B44D5ED8}.Release|iPhone.Deploy.0 = Release|Any CPU
		{AE953D0D-4AF3-44F5-9884-FB59B44D5ED8}.Release|iPhoneSimulator.ActiveCfg = Release|Any CPU
		{AE953D0D-4AF3-44F5-9884-FB59B44D5ED8}.Release|iPhoneSimulator.Build.0 = Release|Any CPU
		{AE953D0D-4AF3-44F5-9884-FB59B44D5ED8}.Release|iPhoneSimulator.Deploy.0 = Release|Any CPU
		{509026DE-1D62-45D7-B8FD-5D6270026B45}.Debug|Any CPU.ActiveCfg = Debug|iPhone
		{509026DE-1D62-45D7-B8FD-5D6270026B45}.Debug|Any CPU.Build.0 = Debug|iPhone
		{509026DE-1D62-45D7-B8FD-5D6270026B45}.Debug|Any CPU.Deploy.0 = Debug|iPhone
		{509026DE-1D62-45D7-B8FD-5D6270026B45}.Debug|iPhone.ActiveCfg = Debug|iPhone
		{509026DE-1D62-45D7-B8FD-5D6270026B45}.Debug|iPhone.Build.0 = Debug|iPhone
		{509026DE-1D62-45D7-B8FD-5D6270026B45}.Debug|iPhone.Deploy.0 = Debug|iPhone
		{509026DE-1D62-45D7-B8FD-5D6270026B45}.Debug|iPhoneSimulator.ActiveCfg = Debug|iPhoneSimulator
		{509026DE-1D62-45D7-B8FD-5D6270026B45}.Debug|iPhoneSimulator.Build.0 = Debug|iPhoneSimulator
		{509026DE-1D62-45D7-B8FD-5D6270026B45}.Debug|iPhoneSimulator.Deploy.0 = Debug|iPhoneSimulator
		{509026DE-1D62-45D7-B8FD-5D6270026B45}.Release|Any CPU.ActiveCfg = Release|iPhoneSimulator
		{509026DE-1D62-45D7-B8FD-5D6270026B45}.Release|Any CPU.Build.0 = Release|iPhoneSimulator
		{509026DE-1D62-45D7-B8FD-5D6270026B45}.Release|Any CPU.Deploy.0 = Release|iPhoneSimulator
		{509026DE-1D62-45D7-B8FD-5D6270026B45}.Release|iPhone.ActiveCfg = Release|iPhone
		{509026DE-1D62-45D7-B8FD-5D6270026B45}.Release|iPhone.Build.0 = Release|iPhone
		{509026DE-1D62-45D7-B8FD-5D6270026B45}.Release|iPhone.Deploy.0 = Release|iPhone
		{509026DE-1D62-45D7-B8FD-5D6270026B45}.Release|iPhoneSimulator.ActiveCfg = Release|iPhoneSimulator
		{509026DE-1D62-45D7-B8FD-5D6270026B45}.Release|iPhoneSimulator.Build.0 = Release|iPhoneSimulator
		{509026DE-1D62-45D7-B8FD-5D6270026B45}.Release|iPhoneSimulator.Deploy.0 = Release|iPhoneSimulator
		{26042FB2-A39D-4077-BA1B-377156829E1F}.Debug|Any CPU.ActiveCfg = Debug|Any CPU
		{26042FB2-A39D-4077-BA1B-377156829E1F}.Debug|Any CPU.Build.0 = Debug|Any CPU
		{26042FB2-A39D-4077-BA1B-377156829E1F}.Debug|Any CPU.Deploy.0 = Debug|Any CPU
		{26042FB2-A39D-4077-BA1B-377156829E1F}.Debug|iPhone.ActiveCfg = Debug|Any CPU
		{26042FB2-A39D-4077-BA1B-377156829E1F}.Debug|iPhone.Build.0 = Debug|Any CPU
		{26042FB2-A39D-4077-BA1B-377156829E1F}.Debug|iPhone.Deploy.0 = Debug|Any CPU
		{26042FB2-A39D-4077-BA1B-377156829E1F}.Debug|iPhoneSimulator.ActiveCfg = Debug|Any CPU
		{26042FB2-A39D-4077-BA1B-377156829E1F}.Debug|iPhoneSimulator.Build.0 = Debug|Any CPU
		{26042FB2-A39D-4077-BA1B-377156829E1F}.Debug|iPhoneSimulator.Deploy.0 = Debug|Any CPU
		{26042FB2-A39D-4077-BA1B-377156829E1F}.Release|Any CPU.ActiveCfg = Release|Any CPU
		{26042FB2-A39D-4077-BA1B-377156829E1F}.Release|Any CPU.Build.0 = Release|Any CPU
		{26042FB2-A39D-4077-BA1B-377156829E1F}.Release|Any CPU.Deploy.0 = Release|Any CPU
		{26042FB2-A39D-4077-BA1B-377156829E1F}.Release|iPhone.ActiveCfg = Release|Any CPU
		{26042FB2-A39D-4077-BA1B-377156829E1F}.Release|iPhone.Build.0 = Release|Any CPU
		{26042FB2-A39D-4077-BA1B-377156829E1F}.Release|iPhone.Deploy.0 = Release|Any CPU
		{26042FB2-A39D-4077-BA1B-377156829E1F}.Release|iPhoneSimulator.ActiveCfg = Release|Any CPU
		{26042FB2-A39D-4077-BA1B-377156829E1F}.Release|iPhoneSimulator.Build.0 = Release|Any CPU
		{26042FB2-A39D-4077-BA1B-377156829E1F}.Release|iPhoneSimulator.Deploy.0 = Release|Any CPU
	EndGlobalSection
	GlobalSection(SolutionProperties) = preSolution
		HideSolutionNode = FALSE
	EndGlobalSection
	GlobalSection(ExtensibilityGlobals) = postSolution
		SolutionGuid = {CF7DBD1E-63A8-42A1-A020-908470699C1D}
	EndGlobalSection
EndGlobal
